
Microsoft Visual Studio Solution File, Format Version 12.00
# Visual Studio Version 16
VisualStudioVersion = 16.0.31410.357
MinimumVisualStudioVersion = 10.0.40219.1
Project("{9A19103F-16F7-4668-BE54-9A1E7A4F7556}") = "Entities", "Entities\Entities.csproj", "{2E673F35-F7F5-48DB-BE4B-FF5ED239362D}"
EndProject
Project("{9A19103F-16F7-4668-BE54-9A1E7A4F7556}") = "DataAccess", "DataAccess\DataAccess.csproj", "{0D1FF13C-5076-4006-9BF4-03CE3FAE85B7}"
EndProject
Project("{9A19103F-16F7-4668-BE54-9A1E7A4F7556}") = "Business", "Business\Business.csproj", "{94ED2B46-92FC-4FFD-B813-1FEFC601B724}"
EndProject
Project("{9A19103F-16F7-4668-BE54-9A1E7A4F7556}") = "Core", "Core\Core.csproj", "{A220E843-1FE5-49C8-818E-C47232EA11BF}"
EndProject
Project("{FAE04EC0-301F-11D3-BF4B-00C04F79EFBC}") = "WebApi", "WebApi\WebApi.csproj", "{C4A0A1CC-594B-4F87-AF4E-B5272F463DEB}"
EndProject
Global
	GlobalSection(SolutionConfigurationPlatforms) = preSolution
		Debug|Any CPU = Debug|Any CPU
		Release|Any CPU = Release|Any CPU
	EndGlobalSection
	GlobalSection(ProjectConfigurationPlatforms) = postSolution
		{2E673F35-F7F5-48DB-BE4B-FF5ED239362D}.Debug|Any CPU.ActiveCfg = Debug|Any CPU
		{2E673F35-F7F5-48DB-BE4B-FF5ED239362D}.Debug|Any CPU.Build.0 = Debug|Any CPU
		{2E673F35-F7F5-48DB-BE4B-FF5ED239362D}.Release|Any CPU.ActiveCfg = Release|Any CPU
		{2E673F35-F7F5-48DB-BE4B-FF5ED239362D}.Release|Any CPU.Build.0 = Release|Any CPU
		{0D1FF13C-5076-4006-9BF4-03CE3FAE85B7}.Debug|Any CPU.ActiveCfg = Debug|Any CPU
		{0D1FF13C-5076-4006-9BF4-03CE3FAE85B7}.Debug|Any CPU.Build.0 = Debug|Any CPU
		{0D1FF13C-5076-4006-9BF4-03CE3FAE85B7}.Release|Any CPU.ActiveCfg = Release|Any CPU
		{0D1FF13C-5076-4006-9BF4-03CE3FAE85B7}.Release|Any CPU.Build.0 = Release|Any CPU
		{94ED2B46-92FC-4FFD-B813-1FEFC601B724}.Debug|Any CPU.ActiveCfg = Debug|Any CPU
		{94ED2B46-92FC-4FFD-B813-1FEFC601B724}.Debug|Any CPU.Build.0 = Debug|Any CPU
		{94ED2B46-92FC-4FFD-B813-1FEFC601B724}.Release|Any CPU.ActiveCfg = Release|Any CPU
		{94ED2B46-92FC-4FFD-B813-1FEFC601B724}.Release|Any CPU.Build.0 = Release|Any CPU
		{A220E843-1FE5-49C8-818E-C47232EA11BF}.Debug|Any CPU.ActiveCfg = Debug|Any CPU
		{A220E843-1FE5-49C8-818E-C47232EA11BF}.Debug|Any CPU.Build.0 = Debug|Any CPU
		{A220E843-1FE5-49C8-818E-C47232EA11BF}.Release|Any CPU.ActiveCfg = Release|Any CPU
		{A220E843-1FE5-49C8-818E-C47232EA11BF}.Release|Any CPU.Build.0 = Release|Any CPU
		{C4A0A1CC-594B-4F87-AF4E-B5272F463DEB}.Debug|Any CPU.ActiveCfg = Debug|Any CPU
		{C4A0A1CC-594B-4F87-AF4E-B5272F463DEB}.Debug|Any CPU.Build.0 = Debug|Any CPU
		{C4A0A1CC-594B-4F87-AF4E-B5272F463DEB}.Release|Any CPU.ActiveCfg = Release|Any CPU
		{C4A0A1CC-594B-4F87-AF4E-B5272F463DEB}.Release|Any CPU.Build.0 = Release|Any CPU
	EndGlobalSection
	GlobalSection(SolutionProperties) = preSolution
		HideSolutionNode = FALSE
	EndGlobalSection
	GlobalSection(ExtensibilityGlobals) = postSolution
		SolutionGuid = {427493C6-7D46-4371-87B9-0908C3875AC1}
	EndGlobalSection
EndGlobal
